// !$*UTF8*$!
{
	archiveVersion = 1;
	classes = {
	};
	objectVersion = 77;
	objects = {

/* Begin PBXContainerItemProxy section */
		4B5041DB2CAF531200F7F88E /* PBXContainerItemProxy */ = {
			isa = PBXContainerItemProxy;
			containerPortal = 4B5041BC2CAF531000F7F88E /* Project object */;
			proxyType = 1;
			remoteGlobalIDString = 4B5041C32CAF531000F7F88E;
			remoteInfo = WeatherAppMASGlobalTP;
		};
		4B5041E52CAF531200F7F88E /* PBXContainerItemProxy */ = {
			isa = PBXContainerItemProxy;
			containerPortal = 4B5041BC2CAF531000F7F88E /* Project object */;
			proxyType = 1;
			remoteGlobalIDString = 4B5041C32CAF531000F7F88E;
			remoteInfo = WeatherAppMASGlobalTP;
		};
/* End PBXContainerItemProxy section */

/* Begin PBXFileReference section */
		4B5041C42CAF531000F7F88E /* WeatherAppMASGlobalTP.app */ = {isa = PBXFileReference; explicitFileType = wrapper.application; includeInIndex = 0; path = WeatherAppMASGlobalTP.app; sourceTree = BUILT_PRODUCTS_DIR; };
		4B5041DA2CAF531200F7F88E /* WeatherAppMASGlobalTPTests.xctest */ = {isa = PBXFileReference; explicitFileType = wrapper.cfbundle; includeInIndex = 0; path = WeatherAppMASGlobalTPTests.xctest; sourceTree = BUILT_PRODUCTS_DIR; };
		4B5041E42CAF531200F7F88E /* WeatherAppMASGlobalTPUITests.xctest */ = {isa = PBXFileReference; explicitFileType = wrapper.cfbundle; includeInIndex = 0; path = WeatherAppMASGlobalTPUITests.xctest; sourceTree = BUILT_PRODUCTS_DIR; };
/* End PBXFileReference section */

/* Begin PBXFileSystemSynchronizedBuildFileExceptionSet section */
		4B5041EC2CAF531200F7F88E /* Exceptions for "WeatherAppMASGlobalTP" folder in "WeatherAppMASGlobalTP" target */ = {
			isa = PBXFileSystemSynchronizedBuildFileExceptionSet;
			membershipExceptions = (
				Info.plist,
			);
			target = 4B5041C32CAF531000F7F88E /* WeatherAppMASGlobalTP */;
		};
/* End PBXFileSystemSynchronizedBuildFileExceptionSet section */

/* Begin PBXFileSystemSynchronizedRootGroup section */
		4B5041C62CAF531000F7F88E /* WeatherAppMASGlobalTP */ = {
			isa = PBXFileSystemSynchronizedRootGroup;
			exceptions = (
				4B5041EC2CAF531200F7F88E /* Exceptions for "WeatherAppMASGlobalTP" folder in "WeatherAppMASGlobalTP" target */,
			);
			path = WeatherAppMASGlobalTP;
			sourceTree = "<group>";
		};
		4B5041DD2CAF531200F7F88E /* WeatherAppMASGlobalTPTests */ = {
			isa = PBXFileSystemSynchronizedRootGroup;
			path = WeatherAppMASGlobalTPTests;
			sourceTree = "<group>";
		};
		4B5041E72CAF531200F7F88E /* WeatherAppMASGlobalTPUITests */ = {
			isa = PBXFileSystemSynchronizedRootGroup;
			path = WeatherAppMASGlobalTPUITests;
			sourceTree = "<group>";
		};
/* End PBXFileSystemSynchronizedRootGroup section */

/* Begin PBXFrameworksBuildPhase section */
		4B5041C12CAF531000F7F88E /* Frameworks */ = {
			isa = PBXFrameworksBuildPhase;
			buildActionMask = 2147483647;
			files = (
			);
			runOnlyForDeploymentPostprocessing = 0;
		};
		4B5041D72CAF531200F7F88E /* Frameworks */ = {
			isa = PBXFrameworksBuildPhase;
			buildActionMask = 2147483647;
			files = (
			);
			runOnlyForDeploymentPostprocessing = 0;
		};
		4B5041E12CAF531200F7F88E /* Frameworks */ = {
			isa = PBXFrameworksBuildPhase;
			buildActionMask = 2147483647;
			files = (
			);
			runOnlyForDeploymentPostprocessing = 0;
		};
/* End PBXFrameworksBuildPhase section */

/* Begin PBXGroup section */
		4B5041BB2CAF531000F7F88E = {
			isa = PBXGroup;
			children = (
				4B5041C62CAF531000F7F88E /* WeatherAppMASGlobalTP */,
				4B5041DD2CAF531200F7F88E /* WeatherAppMASGlobalTPTests */,
				4B5041E72CAF531200F7F88E /* WeatherAppMASGlobalTPUITests */,
				4B5041C52CAF531000F7F88E /* Products */,
			);
			sourceTree = "<group>";
		};
		4B5041C52CAF531000F7F88E /* Products */ = {
			isa = PBXGroup;
			children = (
				4B5041C42CAF531000F7F88E /* WeatherAppMASGlobalTP.app */,
				4B5041DA2CAF531200F7F88E /* WeatherAppMASGlobalTPTests.xctest */,
				4B5041E42CAF531200F7F88E /* WeatherAppMASGlobalTPUITests.xctest */,
			);
			name = Products;
			sourceTree = "<group>";
		};
/* End PBXGroup section */

/* Begin PBXNativeTarget section */
		4B5041C32CAF531000F7F88E /* WeatherAppMASGlobalTP */ = {
			isa = PBXNativeTarget;
			buildConfigurationList = 4B5041ED2CAF531200F7F88E /* Build configuration list for PBXNativeTarget "WeatherAppMASGlobalTP" */;
			buildPhases = (
				4B5041C02CAF531000F7F88E /* Sources */,
				4B5041C12CAF531000F7F88E /* Frameworks */,
				4B5041C22CAF531000F7F88E /* Resources */,
			);
			buildRules = (
			);
			dependencies = (
			);
			fileSystemSynchronizedGroups = (
				4B5041C62CAF531000F7F88E /* WeatherAppMASGlobalTP */,
			);
			name = WeatherAppMASGlobalTP;
			packageProductDependencies = (
			);
			productName = WeatherAppMASGlobalTP;
			productReference = 4B5041C42CAF531000F7F88E /* WeatherAppMASGlobalTP.app */;
			productType = "com.apple.product-type.application";
		};
		4B5041D92CAF531200F7F88E /* WeatherAppMASGlobalTPTests */ = {
			isa = PBXNativeTarget;
			buildConfigurationList = 4B5041F22CAF531200F7F88E /* Build configuration list for PBXNativeTarget "WeatherAppMASGlobalTPTests" */;
			buildPhases = (
				4B5041D62CAF531200F7F88E /* Sources */,
				4B5041D72CAF531200F7F88E /* Frameworks */,
				4B5041D82CAF531200F7F88E /* Resources */,
			);
			buildRules = (
			);
			dependencies = (
				4B5041DC2CAF531200F7F88E /* PBXTargetDependency */,
			);
			fileSystemSynchronizedGroups = (
				4B5041DD2CAF531200F7F88E /* WeatherAppMASGlobalTPTests */,
			);
			name = WeatherAppMASGlobalTPTests;
			packageProductDependencies = (
			);
			productName = WeatherAppMASGlobalTPTests;
			productReference = 4B5041DA2CAF531200F7F88E /* WeatherAppMASGlobalTPTests.xctest */;
			productType = "com.apple.product-type.bundle.unit-test";
		};
		4B5041E32CAF531200F7F88E /* WeatherAppMASGlobalTPUITests */ = {
			isa = PBXNativeTarget;
			buildConfigurationList = 4B5041F52CAF531200F7F88E /* Build configuration list for PBXNativeTarget "WeatherAppMASGlobalTPUITests" */;
			buildPhases = (
				4B5041E02CAF531200F7F88E /* Sources */,
				4B5041E12CAF531200F7F88E /* Frameworks */,
				4B5041E22CAF531200F7F88E /* Resources */,
			);
			buildRules = (
			);
			dependencies = (
				4B5041E62CAF531200F7F88E /* PBXTargetDependency */,
			);
			fileSystemSynchronizedGroups = (
				4B5041E72CAF531200F7F88E /* WeatherAppMASGlobalTPUITests */,
			);
			name = WeatherAppMASGlobalTPUITests;
			packageProductDependencies = (
			);
			productName = WeatherAppMASGlobalTPUITests;
			productReference = 4B5041E42CAF531200F7F88E /* WeatherAppMASGlobalTPUITests.xctest */;
			productType = "com.apple.product-type.bundle.ui-testing";
		};
/* End PBXNativeTarget section */

/* Begin PBXProject section */
		4B5041BC2CAF531000F7F88E /* Project object */ = {
			isa = PBXProject;
			attributes = {
				BuildIndependentTargetsInParallel = 1;
				LastSwiftUpdateCheck = 1600;
				LastUpgradeCheck = 1600;
				TargetAttributes = {
					4B5041C32CAF531000F7F88E = {
						CreatedOnToolsVersion = 16.0;
					};
					4B5041D92CAF531200F7F88E = {
						CreatedOnToolsVersion = 16.0;
						TestTargetID = 4B5041C32CAF531000F7F88E;
					};
					4B5041E32CAF531200F7F88E = {
						CreatedOnToolsVersion = 16.0;
						TestTargetID = 4B5041C32CAF531000F7F88E;
					};
				};
			};
			buildConfigurationList = 4B5041BF2CAF531000F7F88E /* Build configuration list for PBXProject "WeatherAppMASGlobalTP" */;
			developmentRegion = en;
			hasScannedForEncodings = 0;
			knownRegions = (
				en,
				Base,
			);
			mainGroup = 4B5041BB2CAF531000F7F88E;
			minimizedProjectReferenceProxies = 1;
			preferredProjectObjectVersion = 77;
			productRefGroup = 4B5041C52CAF531000F7F88E /* Products */;
			projectDirPath = "";
			projectRoot = "";
			targets = (
				4B5041C32CAF531000F7F88E /* WeatherAppMASGlobalTP */,
				4B5041D92CAF531200F7F88E /* WeatherAppMASGlobalTPTests */,
				4B5041E32CAF531200F7F88E /* WeatherAppMASGlobalTPUITests */,
			);
		};
/* End PBXProject section */

/* Begin PBXResourcesBuildPhase section */
		4B5041C22CAF531000F7F88E /* Resources */ = {
			isa = PBXResourcesBuildPhase;
			buildActionMask = 2147483647;
			files = (
			);
			runOnlyForDeploymentPostprocessing = 0;
		};
		4B5041D82CAF531200F7F88E /* Resources */ = {
			isa = PBXResourcesBuildPhase;
			buildActionMask = 2147483647;
			files = (
			);
			runOnlyForDeploymentPostprocessing = 0;
		};
		4B5041E22CAF531200F7F88E /* Resources */ = {
			isa = PBXResourcesBuildPhase;
			buildActionMask = 2147483647;
			files = (
			);
			runOnlyForDeploymentPostprocessing = 0;
		};
/* End PBXResourcesBuildPhase section */

/* Begin PBXSourcesBuildPhase section */
		4B5041C02CAF531000F7F88E /* Sources */ = {
			isa = PBXSourcesBuildPhase;
			buildActionMask = 2147483647;
			files = (
			);
			runOnlyForDeploymentPostprocessing = 0;
		};
		4B5041D62CAF531200F7F88E /* Sources */ = {
			isa = PBXSourcesBuildPhase;
			buildActionMask = 2147483647;
			files = (
			);
			runOnlyForDeploymentPostprocessing = 0;
		};
		4B5041E02CAF531200F7F88E /* Sources */ = {
			isa = PBXSourcesBuildPhase;
			buildActionMask = 2147483647;
			files = (
			);
			runOnlyForDeploymentPostprocessing = 0;
		};
/* End PBXSourcesBuildPhase section */

/* Begin PBXTargetDependency section */
		4B5041DC2CAF531200F7F88E /* PBXTargetDependency */ = {
			isa = PBXTargetDependency;
			target = 4B5041C32CAF531000F7F88E /* WeatherAppMASGlobalTP */;
			targetProxy = 4B5041DB2CAF531200F7F88E /* PBXContainerItemProxy */;
		};
		4B5041E62CAF531200F7F88E /* PBXTargetDependency */ = {
			isa = PBXTargetDependency;
			target = 4B5041C32CAF531000F7F88E /* WeatherAppMASGlobalTP */;
			targetProxy = 4B5041E52CAF531200F7F88E /* PBXContainerItemProxy */;
		};
/* End PBXTargetDependency section */

/* Begin XCBuildConfiguration section */
		4B5041EE2CAF531200F7F88E /* Debug */ = {
			isa = XCBuildConfiguration;
			buildSettings = {
				ASSETCATALOG_COMPILER_APPICON_NAME = AppIcon;
				ASSETCATALOG_COMPILER_GLOBAL_ACCENT_COLOR_NAME = AccentColor;
				CODE_SIGN_STYLE = Automatic;
				CURRENT_PROJECT_VERSION = 1;
				DEVELOPMENT_TEAM = 473BWG9258;
				GENERATE_INFOPLIST_FILE = YES;
				INFOPLIST_FILE = WeatherAppMASGlobalTP/Info.plist;
				INFOPLIST_KEY_NSLocationWhenInUseUsageDescription = "The app needs access to your location to provide location-based services.";
				INFOPLIST_KEY_UIApplicationSupportsIndirectInputEvents = YES;
				INFOPLIST_KEY_UILaunchStoryboardName = LaunchScreen;
				INFOPLIST_KEY_UISupportedInterfaceOrientations_iPad = "UIInterfaceOrientationPortrait UIInterfaceOrientationPortraitUpsideDown UIInterfaceOrientationLandscapeLeft UIInterfaceOrientationLandscapeRight";
				INFOPLIST_KEY_UISupportedInterfaceOrientations_iPhone = "UIInterfaceOrientationPortrait UIInterfaceOrientationLandscapeLeft UIInterfaceOrientationLandscapeRight";
				IPHONEOS_DEPLOYMENT_TARGET = 17.6;
				LD_RUNPATH_SEARCH_PATHS = (
					"$(inherited)",
					"@executable_path/Frameworks",
				);
				MARKETING_VERSION = 1.0;
				PRODUCT_BUNDLE_IDENTIFIER = Gokul.WeatherAppMASGlobalTP;
				PRODUCT_NAME = "$(TARGET_NAME)";
				SWIFT_EMIT_LOC_STRINGS = YES;
				SWIFT_VERSION = 5.0;
				TARGETED_DEVICE_FAMILY = "1,2";
			};
			name = Debug;
		};
		4B5041EF2CAF531200F7F88E /* Release */ = {
			isa = XCBuildConfiguration;
			buildSettings = {
				ASSETCATALOG_COMPILER_APPICON_NAME = AppIcon;
				ASSETCATALOG_COMPILER_GLOBAL_ACCENT_COLOR_NAME = AccentColor;
				CODE_SIGN_STYLE = Automatic;
				CURRENT_PROJECT_VERSION = 1;
				DEVELOPMENT_TEAM = 473BWG9258;
				GENERATE_INFOPLIST_FILE = YES;
				INFOPLIST_FILE = WeatherAppMASGlobalTP/Info.plist;
				INFOPLIST_KEY_NSLocationWhenInUseUsageDescription = "The app needs access to your location to provide location-based services.";
				INFOPLIST_KEY_UIApplicationSupportsIndirectInputEvents = YES;
				INFOPLIST_KEY_UILaunchStoryboardName = LaunchScreen;
				INFOPLIST_KEY_UISupportedInterfaceOrientations_iPad = "UIInterfaceOrientationPortrait UIInterfaceOrientationPortraitUpsideDown UIInterfaceOrientationLandscapeLeft UIInterfaceOrientationLandscapeRight";
				INFOPLIST_KEY_UISupportedInterfaceOrientations_iPhone = "UIInterfaceOrientationPortrait UIInterfaceOrientationLandscapeLeft UIInterfaceOrientationLandscapeRight";
				IPHONEOS_DEPLOYMENT_TARGET = 17.6;
				LD_RUNPATH_SEARCH_PATHS = (
					"$(inherited)",
					"@executable_path/Frameworks",
				);
				MARKETING_VERSION = 1.0;
				PRODUCT_BUNDLE_IDENTIFIER = Gokul.WeatherAppMASGlobalTP;
				PRODUCT_NAME = "$(TARGET_NAME)";
				SWIFT_EMIT_LOC_STRINGS = YES;
				SWIFT_VERSION = 5.0;
				TARGETED_DEVICE_FAMILY = "1,2";
			};
			name = Release;
		};
		4B5041F02CAF531200F7F88E /* Debug */ = {
			isa = XCBuildConfiguration;
			buildSettings = {
				ALWAYS_SEARCH_USER_PATHS = NO;
				ASSETCATALOG_COMPILER_GENERATE_SWIFT_ASSET_SYMBOL_EXTENSIONS = YES;
				CLANG_ANALYZER_NONNULL = YES;
				CLANG_ANALYZER_NUMBER_OBJECT_CONVERSION = YES_AGGRESSIVE;
				CLANG_CXX_LANGUAGE_STANDARD = "gnu++20";
				CLANG_ENABLE_MODULES = YES;
				CLANG_ENABLE_OBJC_ARC = YES;
				CLANG_ENABLE_OBJC_WEAK = YES;
				CLANG_WARN_BLOCK_CAPTURE_AUTORELEASING = YES;
				CLANG_WARN_BOOL_CONVERSION = YES;
				CLANG_WARN_COMMA = YES;
				CLANG_WARN_CONSTANT_CONVERSION = YES;
				CLANG_WARN_DEPRECATED_OBJC_IMPLEMENTATIONS = YES;
				CLANG_WARN_DIRECT_OBJC_ISA_USAGE = YES_ERROR;
				CLANG_WARN_DOCUMENTATION_COMMENTS = YES;
				CLANG_WARN_EMPTY_BODY = YES;
				CLANG_WARN_ENUM_CONVERSION = YES;
				CLANG_WARN_INFINITE_RECURSION = YES;
				CLANG_WARN_INT_CONVERSION = YES;
				CLANG_WARN_NON_LITERAL_NULL_CONVERSION = YES;
				CLANG_WARN_OBJC_IMPLICIT_RETAIN_SELF = YES;
				CLANG_WARN_OBJC_LITERAL_CONVERSION = YES;
				CLANG_WARN_OBJC_ROOT_CLASS = YES_ERROR;
				CLANG_WARN_QUOTED_INCLUDE_IN_FRAMEWORK_HEADER = YES;
				CLANG_WARN_RANGE_LOOP_ANALYSIS = YES;
				CLANG_WARN_STRICT_PROTOTYPES = YES;
				CLANG_WARN_SUSPICIOUS_MOVE = YES;
				CLANG_WARN_UNGUARDED_AVAILABILITY = YES_AGGRESSIVE;
				CLANG_WARN_UNREACHABLE_CODE = YES;
				CLANG_WARN__DUPLICATE_METHOD_MATCH = YES;
				COPY_PHASE_STRIP = NO;
				DEBUG_INFORMATION_FORMAT = dwarf;
				ENABLE_STRICT_OBJC_MSGSEND = YES;
				ENABLE_TESTABILITY = YES;
				ENABLE_USER_SCRIPT_SANDBOXING = YES;
				GCC_C_LANGUAGE_STANDARD = gnu17;
				GCC_DYNAMIC_NO_PIC = NO;
				GCC_NO_COMMON_BLOCKS = YES;
				GCC_OPTIMIZATION_LEVEL = 0;
				GCC_PREPROCESSOR_DEFINITIONS = (
					"DEBUG=1",
					"$(inherited)",
				);
				GCC_WARN_64_TO_32_BIT_CONVERSION = YES;
				GCC_WARN_ABOUT_RETURN_TYPE = YES_ERROR;
				GCC_WARN_UNDECLARED_SELECTOR = YES;
				GCC_WARN_UNINITIALIZED_AUTOS = YES_AGGRESSIVE;
				GCC_WARN_UNUSED_FUNCTION = YES;
				GCC_WARN_UNUSED_VARIABLE = YES;
				IPHONEOS_DEPLOYMENT_TARGET = 18.0;
				LOCALIZATION_PREFERS_STRING_CATALOGS = YES;
				MTL_ENABLE_DEBUG_INFO = INCLUDE_SOURCE;
				MTL_FAST_MATH = YES;
				ONLY_ACTIVE_ARCH = YES;
				SDKROOT = iphoneos;
				SWIFT_ACTIVE_COMPILATION_CONDITIONS = "DEBUG $(inherited)";
				SWIFT_OPTIMIZATION_LEVEL = "-Onone";
			};
			name = Debug;
		};
		4B5041F12CAF531200F7F88E /* Release */ = {
			isa = XCBuildConfiguration;
			buildSettings = {
				ALWAYS_SEARCH_USER_PATHS = NO;
				ASSETCATALOG_COMPILER_GENERATE_SWIFT_ASSET_SYMBOL_EXTENSIONS = YES;
				CLANG_ANALYZER_NONNULL = YES;
				CLANG_ANALYZER_NUMBER_OBJECT_CONVERSION = YES_AGGRESSIVE;
				CLANG_CXX_LANGUAGE_STANDARD = "gnu++20";
				CLANG_ENABLE_MODULES = YES;
				CLANG_ENABLE_OBJC_ARC = YES;
				CLANG_ENABLE_OBJC_WEAK = YES;
				CLANG_WARN_BLOCK_CAPTURE_AUTORELEASING = YES;
				CLANG_WARN_BOOL_CONVERSION = YES;
				CLANG_WARN_COMMA = YES;
				CLANG_WARN_CONSTANT_CONVERSION = YES;
				CLANG_WARN_DEPRECATED_OBJC_IMPLEMENTATIONS = YES;
				CLANG_WARN_DIRECT_OBJC_ISA_USAGE = YES_ERROR;
				CLANG_WARN_DOCUMENTATION_COMMENTS = YES;
				CLANG_WARN_EMPTY_BODY = YES;
				CLANG_WARN_ENUM_CONVERSION = YES;
				CLANG_WARN_INFINITE_RECURSION = YES;
				CLANG_WARN_INT_CONVERSION = YES;
				CLANG_WARN_NON_LITERAL_NULL_CONVERSION = YES;
				CLANG_WARN_OBJC_IMPLICIT_RETAIN_SELF = YES;
				CLANG_WARN_OBJC_LITERAL_CONVERSION = YES;
				CLANG_WARN_OBJC_ROOT_CLASS = YES_ERROR;
				CLANG_WARN_QUOTED_INCLUDE_IN_FRAMEWORK_HEADER = YES;
				CLANG_WARN_RANGE_LOOP_ANALYSIS = YES;
				CLANG_WARN_STRICT_PROTOTYPES = YES;
				CLANG_WARN_SUSPICIOUS_MOVE = YES;
				CLANG_WARN_UNGUARDED_AVAILABILITY = YES_AGGRESSIVE;
				CLANG_WARN_UNREACHABLE_CODE = YES;
				CLANG_WARN__DUPLICATE_METHOD_MATCH = YES;
				COPY_PHASE_STRIP = NO;
				DEBUG_INFORMATION_FORMAT = "dwarf-with-dsym";
				ENABLE_NS_ASSERTIONS = NO;
				ENABLE_STRICT_OBJC_MSGSEND = YES;
				ENABLE_USER_SCRIPT_SANDBOXING = YES;
				GCC_C_LANGUAGE_STANDARD = gnu17;
				GCC_NO_COMMON_BLOCKS = YES;
				GCC_WARN_64_TO_32_BIT_CONVERSION = YES;
				GCC_WARN_ABOUT_RETURN_TYPE = YES_ERROR;
				GCC_WARN_UNDECLARED_SELECTOR = YES;
				GCC_WARN_UNINITIALIZED_AUTOS = YES_AGGRESSIVE;
				GCC_WARN_UNUSED_FUNCTION = YES;
				GCC_WARN_UNUSED_VARIABLE = YES;
				IPHONEOS_DEPLOYMENT_TARGET = 18.0;
				LOCALIZATION_PREFERS_STRING_CATALOGS = YES;
				MTL_ENABLE_DEBUG_INFO = NO;
				MTL_FAST_MATH = YES;
				SDKROOT = iphoneos;
				SWIFT_COMPILATION_MODE = wholemodule;
				VALIDATE_PRODUCT = YES;
			};
			name = Release;
		};
		4B5041F32CAF531200F7F88E /* Debug */ = {
			isa = XCBuildConfiguration;
			buildSettings = {
				BUNDLE_LOADER = "$(TEST_HOST)";
				CODE_SIGN_STYLE = Automatic;
				CURRENT_PROJECT_VERSION = 1;
				DEVELOPMENT_TEAM = 473BWG9258;
				GENERATE_INFOPLIST_FILE = YES;
				IPHONEOS_DEPLOYMENT_TARGET = 18.0;
				MARKETING_VERSION = 1.0;
				PRODUCT_BUNDLE_IDENTIFIER = Gokul.WeatherAppMASGlobalTPTests;
				PRODUCT_NAME = "$(TARGET_NAME)";
				SWIFT_EMIT_LOC_STRINGS = NO;
				SWIFT_VERSION = 5.0;
				TARGETED_DEVICE_FAMILY = "1,2";
				TEST_HOST = "$(BUILT_PRODUCTS_DIR)/WeatherAppMASGlobalTP.app/$(BUNDLE_EXECUTABLE_FOLDER_PATH)/WeatherAppMASGlobalTP";
			};
			name = Debug;
		};
		4B5041F42CAF531200F7F88E /* Release */ = {
			isa = XCBuildConfiguration;
			buildSettings = {
				BUNDLE_LOADER = "$(TEST_HOST)";
				CODE_SIGN_STYLE = Automatic;
				CURRENT_PROJECT_VERSION = 1;
				DEVELOPMENT_TEAM = 473BWG9258;
				GENERATE_INFOPLIST_FILE = YES;
				IPHONEOS_DEPLOYMENT_TARGET = 18.0;
				MARKETING_VERSION = 1.0;
				PRODUCT_BUNDLE_IDENTIFIER = Gokul.WeatherAppMASGlobalTPTests;
				PRODUCT_NAME = "$(TARGET_NAME)";
				SWIFT_EMIT_LOC_STRINGS = NO;
				SWIFT_VERSION = 5.0;
				TARGETED_DEVICE_FAMILY = "1,2";
				TEST_HOST = "$(BUILT_PRODUCTS_DIR)/WeatherAppMASGlobalTP.app/$(BUNDLE_EXECUTABLE_FOLDER_PATH)/WeatherAppMASGlobalTP";
			};
			name = Release;
		};
		4B5041F62CAF531200F7F88E /* Debug */ = {
			isa = XCBuildConfiguration;
			buildSettings = {
				CODE_SIGN_STYLE = Automatic;
				CURRENT_PROJECT_VERSION = 1;
				DEVELOPMENT_TEAM = 473BWG9258;
				GENERATE_INFOPLIST_FILE = YES;
				MARKETING_VERSION = 1.0;
				PRODUCT_BUNDLE_IDENTIFIER = Gokul.WeatherAppMASGlobalTPUITests;
				PRODUCT_NAME = "$(TARGET_NAME)";
				SWIFT_EMIT_LOC_STRINGS = NO;
				SWIFT_VERSION = 5.0;
				TARGETED_DEVICE_FAMILY = "1,2";
				TEST_TARGET_NAME = WeatherAppMASGlobalTP;
			};
			name = Debug;
		};
		4B5041F72CAF531200F7F88E /* Release */ = {
			isa = XCBuildConfiguration;
			buildSettings = {
				CODE_SIGN_STYLE = Automatic;
				CURRENT_PROJECT_VERSION = 1;
				DEVELOPMENT_TEAM = 473BWG9258;
				GENERATE_INFOPLIST_FILE = YES;
				MARKETING_VERSION = 1.0;
				PRODUCT_BUNDLE_IDENTIFIER = Gokul.WeatherAppMASGlobalTPUITests;
				PRODUCT_NAME = "$(TARGET_NAME)";
				SWIFT_EMIT_LOC_STRINGS = NO;
				SWIFT_VERSION = 5.0;
				TARGETED_DEVICE_FAMILY = "1,2";
				TEST_TARGET_NAME = WeatherAppMASGlobalTP;
			};
			name = Release;
		};
/* End XCBuildConfiguration section */

/* Begin XCConfigurationList section */
		4B5041BF2CAF531000F7F88E /* Build configuration list for PBXProject "WeatherAppMASGlobalTP" */ = {
			isa = XCConfigurationList;
			buildConfigurations = (
				4B5041F02CAF531200F7F88E /* Debug */,
				4B5041F12CAF531200F7F88E /* Release */,
			);
			defaultConfigurationIsVisible = 0;
			defaultConfigurationName = Release;
		};
		4B5041ED2CAF531200F7F88E /* Build configuration list for PBXNativeTarget "WeatherAppMASGlobalTP" */ = {
			isa = XCConfigurationList;
			buildConfigurations = (
				4B5041EE2CAF531200F7F88E /* Debug */,
				4B5041EF2CAF531200F7F88E /* Release */,
			);
			defaultConfigurationIsVisible = 0;
			defaultConfigurationName = Release;
		};
		4B5041F22CAF531200F7F88E /* Build configuration list for PBXNativeTarget "WeatherAppMASGlobalTPTests" */ = {
			isa = XCConfigurationList;
			buildConfigurations = (
				4B5041F32CAF531200F7F88E /* Debug */,
				4B5041F42CAF531200F7F88E /* Release */,
			);
			defaultConfigurationIsVisible = 0;
			defaultConfigurationName = Release;
		};
		4B5041F52CAF531200F7F88E /* Build configuration list for PBXNativeTarget "WeatherAppMASGlobalTPUITests" */ = {
			isa = XCConfigurationList;
			buildConfigurations = (
				4B5041F62CAF531200F7F88E /* Debug */,
				4B5041F72CAF531200F7F88E /* Release */,
			);
			defaultConfigurationIsVisible = 0;
			defaultConfigurationName = Release;
		};
/* End XCConfigurationList section */
	};
	rootObject = 4B5041BC2CAF531000F7F88E /* Project object */;
}
